
Microsoft Visual Studio Solution File, Format Version 12.00
# Visual Studio Version 16
VisualStudioVersion = 16.0.31424.327
MinimumVisualStudioVersion = 10.0.40219.1
Project("{FAE04EC0-301F-11D3-BF4B-00C04F79EFBC}") = "FM File Editor", "FM File Editor\FM File Editor.csproj", "{1D539E43-575A-4352-A7A7-32C846181E16}"
EndProject
Global
	GlobalSection(SolutionConfigurationPlatforms) = preSolution
		Debug|Any CPU = Debug|Any CPU
		Release|Any CPU = Release|Any CPU
	EndGlobalSection
	GlobalSection(ProjectConfigurationPlatforms) = postSolution
		{1D539E43-575A-4352-A7A7-32C846181E16}.Debug|Any CPU.ActiveCfg = Debug|Any CPU
		{1D539E43-575A-4352-A7A7-32C846181E16}.Debug|Any CPU.Build.0 = Debug|Any CPU
		{1D539E43-575A-4352-A7A7-32C846181E16}.Release|Any CPU.ActiveCfg = Release|Any CPU
		{1D539E43-575A-4352-A7A7-32C846181E16}.Release|Any CPU.Build.0 = Release|Any CPU
	EndGlobalSection
	GlobalSection(SolutionProperties) = preSolution
		HideSolutionNode = FALSE
	EndGlobalSection
	GlobalSection(ExtensibilityGlobals) = postSolution
		SolutionGuid = {901AC75D-6772-42B4-8722-9917DABFEDA9}
	EndGlobalSection
EndGlobal
